
Microsoft Visual Studio Solution File, Format Version 12.00
# Visual Studio Version 17
VisualStudioVersion = 17.2.32630.192
MinimumVisualStudioVersion = 10.0.40219.1
Project("{9A19103F-16F7-4668-BE54-9A1E7A4F7556}") = "CourseProject-year-1", "CourseProject-year-1.csproj", "{F9FD9B46-F194-4876-9441-E71F6AC1A0B8}"
EndProject
Global
	GlobalSection(SolutionConfigurationPlatforms) = preSolution
		Debug|Any CPU = Debug|Any CPU
		Release|Any CPU = Release|Any CPU
	EndGlobalSection
	GlobalSection(ProjectConfigurationPlatforms) = postSolution
		{F9FD9B46-F194-4876-9441-E71F6AC1A0B8}.Debug|Any CPU.ActiveCfg = Debug|Any CPU
		{F9FD9B46-F194-4876-9441-E71F6AC1A0B8}.Debug|Any CPU.Build.0 = Debug|Any CPU
		{F9FD9B46-F194-4876-9441-E71F6AC1A0B8}.Release|Any CPU.ActiveCfg = Release|Any CPU
		{F9FD9B46-F194-4876-9441-E71F6AC1A0B8}.Release|Any CPU.Build.0 = Release|Any CPU
	EndGlobalSection
	GlobalSection(SolutionProperties) = preSolution
		HideSolutionNode = FALSE
	EndGlobalSection
	GlobalSection(ExtensibilityGlobals) = postSolution
		SolutionGuid = {EB7A7048-BAB6-4843-9138-7F306E487FE4}
	EndGlobalSection
EndGlobal
